
Microsoft Visual Studio Solution File, Format Version 12.00
# Visual Studio 15
VisualStudioVersion = 15.0.27004.2005
MinimumVisualStudioVersion = 10.0.40219.1
Project("{E24C65DC-7377-472B-9ABA-BC803B73C61A}") = "WebDynamicImage", "..\..\Emgu.CV.Example\WebDynamicImage\", "{CCE4F066-0E44-45FD-A1F3-E4A29C3690A1}"
	ProjectSection(WebsiteProperties) = preProject
		SccProjectName = ""
		SccAuxPath = ""
		SccLocalPath = ""
		SccProvider = ""
		TargetFrameworkMoniker = ".NETFramework,Version%3Dv3.5"
		ProjectReferences = "{3f5d7c08-96ba-4037-bb24-afa2c336e260}|Emgu.CV.World.dll;"
		Debug.AspNetCompiler.VirtualPath = "/WebDynamicImage"
		Debug.AspNetCompiler.PhysicalPath = "..\..\Emgu.CV.Example\WebDynamicImage\"
		Debug.AspNetCompiler.TargetPath = "PrecompiledWeb\WebDynamicImage\"
		Debug.AspNetCompiler.Updateable = "true"
		Debug.AspNetCompiler.ForceOverwrite = "true"
		Debug.AspNetCompiler.FixedNames = "false"
		Debug.AspNetCompiler.Debug = "True"
		Release.AspNetCompiler.VirtualPath = "/WebDynamicImage"
		Release.AspNetCompiler.PhysicalPath = "..\..\Emgu.CV.Example\WebDynamicImage\"
		Release.AspNetCompiler.TargetPath = "PrecompiledWeb\WebDynamicImage\"
		Release.AspNetCompiler.Updateable = "true"
		Release.AspNetCompiler.ForceOverwrite = "true"
		Release.AspNetCompiler.FixedNames = "false"
		Release.AspNetCompiler.Debug = "False"
		VWDPort = "4336"
		SlnRelativePath = "..\..\Emgu.CV.Example\WebDynamicImage\"
	EndProjectSection
EndProject
Project("{FAE04EC0-301F-11D3-BF4B-00C04F79EFBC}") = "CameraCapture", "..\..\Emgu.CV.Example\CameraCapture\CameraCapture.csproj", "{5F6B97F8-7EA6-4B5D-9A5D-F5581505C303}"
EndProject
Project("{D954291E-2A0B-460D-934E-DC6B0785DB48}") = "Emgu.Util", "..\..\Emgu.Util\Emgu.Util.shproj", "{98561642-5EC3-4244-BAF9-6876D9BA5527}"
EndProject
Project("{D954291E-2A0B-460D-934E-DC6B0785DB48}") = "Emgu.CV", "..\..\Emgu.CV\Emgu.CV.shproj", "{12D024EE-D0A5-4BBC-B7C0-7B18CF1AB262}"
EndProject
Project("{D954291E-2A0B-460D-934E-DC6B0785DB48}") = "Emgu.CV.Contrib", "..\..\Emgu.CV.Contrib\Emgu.CV.Contrib.shproj", "{11E54A7E-778D-466C-A176-71E150976AC1}"
EndProject
Project("{D954291E-2A0B-460D-934E-DC6B0785DB48}") = "Emgu.CV.Cuda", "..\..\Emgu.CV.Cuda\Emgu.CV.Cuda.shproj", "{7B22BB32-C867-45A7-AC53-5BDA820DB91C}"
EndProject
Project("{FAE04EC0-301F-11D3-BF4B-00C04F79EFBC}") = "Emgu.CV.World", "..\..\Emgu.CV.World\Emgu.CV.World.csproj", "{3F5D7C08-96BA-4037-BB24-AFA2C336E260}"
EndProject
Project("{D954291E-2A0B-460D-934E-DC6B0785DB48}") = "Emgu.CV.OCR", "..\..\Emgu.CV.OCR\Emgu.CV.OCR.shproj", "{7BC723CB-1678-415F-A65F-4027F8758A6F}"
EndProject
Project("{FAE04EC0-301F-11D3-BF4B-00C04F79EFBC}") = "Emgu.CV.UI", "..\..\Emgu.CV.UI\Emgu.CV.UI.csproj", "{90E78BBF-C7FE-4D8E-ADE1-75448E866FDB}"
EndProject
Global
	GlobalSection(SharedMSBuildProjectFiles) = preSolution
		..\..\Emgu.CV.Contrib\Emgu.CV.Contrib.projitems*{11e54a7e-778d-466c-a176-71e150976ac1}*SharedItemsImports = 13
		..\..\Emgu.CV\Emgu.CV.projitems*{12d024ee-d0a5-4bbc-b7c0-7b18cf1ab262}*SharedItemsImports = 13
		..\..\Emgu.CV.Contrib\Emgu.CV.Contrib.projitems*{3f5d7c08-96ba-4037-bb24-afa2c336e260}*SharedItemsImports = 4
		..\..\Emgu.CV.Cuda\Emgu.CV.Cuda.projitems*{3f5d7c08-96ba-4037-bb24-afa2c336e260}*SharedItemsImports = 4
		..\..\Emgu.CV.OCR\Emgu.CV.OCR.projitems*{3f5d7c08-96ba-4037-bb24-afa2c336e260}*SharedItemsImports = 4
		..\..\Emgu.CV\Emgu.CV.projitems*{3f5d7c08-96ba-4037-bb24-afa2c336e260}*SharedItemsImports = 4
		..\..\Emgu.Util\Emgu.Util.projitems*{3f5d7c08-96ba-4037-bb24-afa2c336e260}*SharedItemsImports = 4
		..\..\Emgu.CV.Cuda\Emgu.CV.Cuda.projitems*{7b22bb32-c867-45a7-ac53-5bda820db91c}*SharedItemsImports = 13
		..\..\Emgu.CV.OCR\Emgu.CV.OCR.projitems*{7bc723cb-1678-415f-a65f-4027f8758a6f}*SharedItemsImports = 13
		..\..\Emgu.Util\Emgu.Util.projitems*{98561642-5ec3-4244-baf9-6876d9ba5527}*SharedItemsImports = 13
	EndGlobalSection
	GlobalSection(SolutionConfigurationPlatforms) = preSolution
		Debug|Any CPU = Debug|Any CPU
		Debug|x86 = Debug|x86
		Release|Any CPU = Release|Any CPU
		Release|x86 = Release|x86
	EndGlobalSection
	GlobalSection(ProjectConfigurationPlatforms) = postSolution
		{CCE4F066-0E44-45FD-A1F3-E4A29C3690A1}.Debug|Any CPU.ActiveCfg = Debug|Any CPU
		{CCE4F066-0E44-45FD-A1F3-E4A29C3690A1}.Debug|Any CPU.Build.0 = Debug|Any CPU
		{CCE4F066-0E44-45FD-A1F3-E4A29C3690A1}.Debug|x86.ActiveCfg = Debug|Any CPU
		{CCE4F066-0E44-45FD-A1F3-E4A29C3690A1}.Debug|x86.Build.0 = Debug|Any CPU
		{CCE4F066-0E44-45FD-A1F3-E4A29C3690A1}.Release|Any CPU.ActiveCfg = Debug|Any CPU
		{CCE4F066-0E44-45FD-A1F3-E4A29C3690A1}.Release|Any CPU.Build.0 = Debug|Any CPU
		{CCE4F066-0E44-45FD-A1F3-E4A29C3690A1}.Release|x86.ActiveCfg = Debug|Any CPU
		{CCE4F066-0E44-45FD-A1F3-E4A29C3690A1}.Release|x86.Build.0 = Debug|Any CPU
		{5F6B97F8-7EA6-4B5D-9A5D-F5581505C303}.Debug|Any CPU.ActiveCfg = Debug|Any CPU
		{5F6B97F8-7EA6-4B5D-9A5D-F5581505C303}.Debug|Any CPU.Build.0 = Debug|Any CPU
		{5F6B97F8-7EA6-4B5D-9A5D-F5581505C303}.Debug|x86.ActiveCfg = Release|Any CPU
		{5F6B97F8-7EA6-4B5D-9A5D-F5581505C303}.Release|Any CPU.ActiveCfg = Release|Any CPU
		{5F6B97F8-7EA6-4B5D-9A5D-F5581505C303}.Release|Any CPU.Build.0 = Release|Any CPU
		{5F6B97F8-7EA6-4B5D-9A5D-F5581505C303}.Release|x86.ActiveCfg = Release|Any CPU
		{3F5D7C08-96BA-4037-BB24-AFA2C336E260}.Debug|Any CPU.ActiveCfg = Debug|Any CPU
		{3F5D7C08-96BA-4037-BB24-AFA2C336E260}.Debug|Any CPU.Build.0 = Debug|Any CPU
		{3F5D7C08-96BA-4037-BB24-AFA2C336E260}.Debug|x86.ActiveCfg = Debug|Any CPU
		{3F5D7C08-96BA-4037-BB24-AFA2C336E260}.Debug|x86.Build.0 = Debug|Any CPU
		{3F5D7C08-96BA-4037-BB24-AFA2C336E260}.Release|Any CPU.ActiveCfg = Release|Any CPU
		{3F5D7C08-96BA-4037-BB24-AFA2C336E260}.Release|Any CPU.Build.0 = Release|Any CPU
		{3F5D7C08-96BA-4037-BB24-AFA2C336E260}.Release|x86.ActiveCfg = Release|Any CPU
		{3F5D7C08-96BA-4037-BB24-AFA2C336E260}.Release|x86.Build.0 = Release|Any CPU
		{90E78BBF-C7FE-4D8E-ADE1-75448E866FDB}.Debug|Any CPU.ActiveCfg = Debug|Any CPU
		{90E78BBF-C7FE-4D8E-ADE1-75448E866FDB}.Debug|Any CPU.Build.0 = Debug|Any CPU
		{90E78BBF-C7FE-4D8E-ADE1-75448E866FDB}.Debug|x86.ActiveCfg = Debug|Any CPU
		{90E78BBF-C7FE-4D8E-ADE1-75448E866FDB}.Debug|x86.Build.0 = Debug|Any CPU
		{90E78BBF-C7FE-4D8E-ADE1-75448E866FDB}.Release|Any CPU.ActiveCfg = Release|Any CPU
		{90E78BBF-C7FE-4D8E-ADE1-75448E866FDB}.Release|Any CPU.Build.0 = Release|Any CPU
		{90E78BBF-C7FE-4D8E-ADE1-75448E866FDB}.Release|x86.ActiveCfg = Release|Any CPU
		{90E78BBF-C7FE-4D8E-ADE1-75448E866FDB}.Release|x86.Build.0 = Release|Any CPU
	EndGlobalSection
	GlobalSection(SolutionProperties) = preSolution
		HideSolutionNode = FALSE
	EndGlobalSection
	GlobalSection(ExtensibilityGlobals) = postSolution
		SolutionGuid = {2E544AC3-4440-4F22-9E14-AFF1D0890F89}
	EndGlobalSection
	GlobalSection(MonoDevelopProperties) = preSolution
		StartupItem = ..\..\Emgu.CV.Example\PedestrianDetection\PedestrianDetection.csproj
	EndGlobalSection
EndGlobal
